
Microsoft Visual Studio Solution File, Format Version 12.00
# Visual Studio Version 16
VisualStudioVersion = 16.0.30225.117
MinimumVisualStudioVersion = 10.0.40219.1
Project("{8BC9CEB8-8B4A-11D0-8D11-00A0C91BC942}") = "14-MultiThreading4Th", "14-MultiThreading4Th.vcxproj", "{691201EB-5F70-4F9D-BD8C-DDB781135E83}"
EndProject
Global
	GlobalSection(SolutionConfigurationPlatforms) = preSolution
		Debug|x64 = Debug|x64
		Debug|x86 = Debug|x86
		Release|x64 = Release|x64
		Release|x86 = Release|x86
	EndGlobalSection
	GlobalSection(ProjectConfigurationPlatforms) = postSolution
		{691201EB-5F70-4F9D-BD8C-DDB781135E83}.Debug|x64.ActiveCfg = Debug|x64
		{691201EB-5F70-4F9D-BD8C-DDB781135E83}.Debug|x64.Build.0 = Debug|x64
		{691201EB-5F70-4F9D-BD8C-DDB781135E83}.Debug|x86.ActiveCfg = Debug|Win32
		{691201EB-5F70-4F9D-BD8C-DDB781135E83}.Debug|x86.Build.0 = Debug|Win32
		{691201EB-5F70-4F9D-BD8C-DDB781135E83}.Release|x64.ActiveCfg = Release|x64
		{691201EB-5F70-4F9D-BD8C-DDB781135E83}.Release|x64.Build.0 = Release|x64
		{691201EB-5F70-4F9D-BD8C-DDB781135E83}.Release|x86.ActiveCfg = Release|Win32
		{691201EB-5F70-4F9D-BD8C-DDB781135E83}.Release|x86.Build.0 = Release|Win32
	EndGlobalSection
	GlobalSection(SolutionProperties) = preSolution
		HideSolutionNode = FALSE
	EndGlobalSection
	GlobalSection(ExtensibilityGlobals) = postSolution
		SolutionGuid = {C589A80C-1E77-4A63-885C-F836F16FD339}
	EndGlobalSection
EndGlobal
