
Microsoft Visual Studio Solution File, Format Version 12.00
# Visual Studio Version 16
VisualStudioVersion = 16.0.30225.117
MinimumVisualStudioVersion = 10.0.40219.1
Project("{8BC9CEB8-8B4A-11D0-8D11-00A0C91BC942}") = "13-SumMessageBox", "13-SumMessageBox.vcxproj", "{267628FD-154B-4A60-A2F4-D68BB1B2D679}"
EndProject
Global
	GlobalSection(SolutionConfigurationPlatforms) = preSolution
		Debug|x64 = Debug|x64
		Debug|x86 = Debug|x86
		Release|x64 = Release|x64
		Release|x86 = Release|x86
	EndGlobalSection
	GlobalSection(ProjectConfigurationPlatforms) = postSolution
		{267628FD-154B-4A60-A2F4-D68BB1B2D679}.Debug|x64.ActiveCfg = Debug|x64
		{267628FD-154B-4A60-A2F4-D68BB1B2D679}.Debug|x64.Build.0 = Debug|x64
		{267628FD-154B-4A60-A2F4-D68BB1B2D679}.Debug|x86.ActiveCfg = Debug|Win32
		{267628FD-154B-4A60-A2F4-D68BB1B2D679}.Debug|x86.Build.0 = Debug|Win32
		{267628FD-154B-4A60-A2F4-D68BB1B2D679}.Release|x64.ActiveCfg = Release|x64
		{267628FD-154B-4A60-A2F4-D68BB1B2D679}.Release|x64.Build.0 = Release|x64
		{267628FD-154B-4A60-A2F4-D68BB1B2D679}.Release|x86.ActiveCfg = Release|Win32
		{267628FD-154B-4A60-A2F4-D68BB1B2D679}.Release|x86.Build.0 = Release|Win32
	EndGlobalSection
	GlobalSection(SolutionProperties) = preSolution
		HideSolutionNode = FALSE
	EndGlobalSection
	GlobalSection(ExtensibilityGlobals) = postSolution
		SolutionGuid = {E9A81147-6B6C-428F-A7FA-75B8DA05C1A6}
	EndGlobalSection
EndGlobal
